
Microsoft Visual Studio Solution File, Format Version 11.00
# Visual Studio 2010
Project("{FAE04EC0-301F-11D3-BF4B-00C04F79EFBC}") = "AlienFarmer", "Assembly-CSharp-firstpass.csproj", "{9126BEA0-AFA3-7A6F-2F82-DB815C7784A2}"
EndProject
Project("{FAE04EC0-301F-11D3-BF4B-00C04F79EFBC}") = "AlienFarmer", "Assembly-CSharp.csproj", "{BE4BEAE5-55ED-7A06-7C35-BC45FBBC78AA}"
EndProject
Project("{FAE04EC0-301F-11D3-BF4B-00C04F79EFBC}") = "AlienFarmer", "Assembly-CSharp-Editor.csproj", "{67F369E9-3514-00F3-47ED-DFD854B7F9F2}"
EndProject
Global
	GlobalSection(SolutionConfigurationPlatforms) = preSolution
		Debug|Any CPU = Debug|Any CPU
		Release|Any CPU = Release|Any CPU
	EndGlobalSection
	GlobalSection(ProjectConfigurationPlatforms) = postSolution
		{9126BEA0-AFA3-7A6F-2F82-DB815C7784A2}.Debug|Any CPU.ActiveCfg = Debug|Any CPU
		{9126BEA0-AFA3-7A6F-2F82-DB815C7784A2}.Debug|Any CPU.Build.0 = Debug|Any CPU
		{9126BEA0-AFA3-7A6F-2F82-DB815C7784A2}.Release|Any CPU.ActiveCfg = Release|Any CPU
		{9126BEA0-AFA3-7A6F-2F82-DB815C7784A2}.Release|Any CPU.Build.0 = Release|Any CPU
		{BE4BEAE5-55ED-7A06-7C35-BC45FBBC78AA}.Debug|Any CPU.ActiveCfg = Debug|Any CPU
		{BE4BEAE5-55ED-7A06-7C35-BC45FBBC78AA}.Debug|Any CPU.Build.0 = Debug|Any CPU
		{BE4BEAE5-55ED-7A06-7C35-BC45FBBC78AA}.Release|Any CPU.ActiveCfg = Release|Any CPU
		{BE4BEAE5-55ED-7A06-7C35-BC45FBBC78AA}.Release|Any CPU.Build.0 = Release|Any CPU
		{67F369E9-3514-00F3-47ED-DFD854B7F9F2}.Debug|Any CPU.ActiveCfg = Debug|Any CPU
		{67F369E9-3514-00F3-47ED-DFD854B7F9F2}.Debug|Any CPU.Build.0 = Debug|Any CPU
		{67F369E9-3514-00F3-47ED-DFD854B7F9F2}.Release|Any CPU.ActiveCfg = Release|Any CPU
		{67F369E9-3514-00F3-47ED-DFD854B7F9F2}.Release|Any CPU.Build.0 = Release|Any CPU
	EndGlobalSection
	GlobalSection(SolutionProperties) = preSolution
		HideSolutionNode = FALSE
	EndGlobalSection
	GlobalSection(MonoDevelopProperties) = preSolution
		StartupItem = Assembly-CSharp.csproj
	EndGlobalSection
EndGlobal
